
Microsoft Visual Studio Solution File, Format Version 12.00
# Visual Studio Version 17
VisualStudioVersion = 17.9.34728.123
MinimumVisualStudioVersion = 10.0.40219.1
Project("{FAE04EC0-301F-11D3-BF4B-00C04F79EFBC}") = "practiceOOP3", "practiceOOP3.csproj", "{F141EDD3-81BC-4B7C-83EC-199EB96EB3E8}"
EndProject
Global
	GlobalSection(SolutionConfigurationPlatforms) = preSolution
		Debug|Any CPU = Debug|Any CPU
		Release|Any CPU = Release|Any CPU
	EndGlobalSection
	GlobalSection(ProjectConfigurationPlatforms) = postSolution
		{F141EDD3-81BC-4B7C-83EC-199EB96EB3E8}.Debug|Any CPU.ActiveCfg = Debug|Any CPU
		{F141EDD3-81BC-4B7C-83EC-199EB96EB3E8}.Debug|Any CPU.Build.0 = Debug|Any CPU
		{F141EDD3-81BC-4B7C-83EC-199EB96EB3E8}.Release|Any CPU.ActiveCfg = Release|Any CPU
		{F141EDD3-81BC-4B7C-83EC-199EB96EB3E8}.Release|Any CPU.Build.0 = Release|Any CPU
	EndGlobalSection
	GlobalSection(SolutionProperties) = preSolution
		HideSolutionNode = FALSE
	EndGlobalSection
	GlobalSection(ExtensibilityGlobals) = postSolution
		SolutionGuid = {E971D9A6-1CAD-4068-A8C5-BBB9B440859E}
	EndGlobalSection
EndGlobal
